
Microsoft Visual Studio Solution File, Format Version 12.00
# Visual Studio Version 16
VisualStudioVersion = 16.0.31702.278
MinimumVisualStudioVersion = 10.0.40219.1
Project("{FAE04EC0-301F-11D3-BF4B-00C04F79EFBC}") = "TesteDevBackEnd", "TesteDevBackEnd\TesteDevBackEnd.csproj", "{449B9921-3082-4653-A506-16107D6A872B}"
EndProject
Global
	GlobalSection(SolutionConfigurationPlatforms) = preSolution
		Debug|Any CPU = Debug|Any CPU
		Release|Any CPU = Release|Any CPU
	EndGlobalSection
	GlobalSection(ProjectConfigurationPlatforms) = postSolution
		{449B9921-3082-4653-A506-16107D6A872B}.Debug|Any CPU.ActiveCfg = Debug|Any CPU
		{449B9921-3082-4653-A506-16107D6A872B}.Debug|Any CPU.Build.0 = Debug|Any CPU
		{449B9921-3082-4653-A506-16107D6A872B}.Release|Any CPU.ActiveCfg = Release|Any CPU
		{449B9921-3082-4653-A506-16107D6A872B}.Release|Any CPU.Build.0 = Release|Any CPU
	EndGlobalSection
	GlobalSection(SolutionProperties) = preSolution
		HideSolutionNode = FALSE
	EndGlobalSection
	GlobalSection(ExtensibilityGlobals) = postSolution
		SolutionGuid = {91490C80-E0C6-492F-BD75-73960155E96A}
	EndGlobalSection
EndGlobal
